
Microsoft Visual Studio Solution File, Format Version 12.00
# Visual Studio 15
VisualStudioVersion = 15.0.27703.2047
MinimumVisualStudioVersion = 10.0.40219.1
Project("{FAE04EC0-301F-11D3-BF4B-00C04F79EFBC}") = "ValidateTransformDerive.Framework", "ValidateTransformDerive.Framework\ValidateTransformDerive.Framework.csproj", "{87D6F112-FE7D-48BD-B68B-6EFF1EEA3021}"
EndProject
Project("{FAE04EC0-301F-11D3-BF4B-00C04F79EFBC}") = "ValidateTransformDerive.ImplementationSpecific", "ValidateTransformDerive.ImplementationSpecific\ValidateTransformDerive.ImplementationSpecific.csproj", "{740301CB-2FCB-4ED0-95B6-20244A5F0710}"
EndProject
Project("{FAE04EC0-301F-11D3-BF4B-00C04F79EFBC}") = "ValidateTransformDerive.TestWebApi472", "ValidateTransformDerive.TestWebApi472\ValidateTransformDerive.TestWebApi472.csproj", "{BAE16F93-981C-4F99-A994-A78BC6064AF2}"
EndProject
Project("{FAE04EC0-301F-11D3-BF4B-00C04F79EFBC}") = "ValidateTransformDerive.Framework.Tests", "ValidateTransformDerive.Framework.Tests\ValidateTransformDerive.Framework.Tests.csproj", "{13A73B7A-A854-4FA8-A885-E72D37FFB824}"
EndProject
Global
	GlobalSection(SolutionConfigurationPlatforms) = preSolution
		Debug|Any CPU = Debug|Any CPU
		Release|Any CPU = Release|Any CPU
	EndGlobalSection
	GlobalSection(ProjectConfigurationPlatforms) = postSolution
		{87D6F112-FE7D-48BD-B68B-6EFF1EEA3021}.Debug|Any CPU.ActiveCfg = Debug|Any CPU
		{87D6F112-FE7D-48BD-B68B-6EFF1EEA3021}.Debug|Any CPU.Build.0 = Debug|Any CPU
		{87D6F112-FE7D-48BD-B68B-6EFF1EEA3021}.Release|Any CPU.ActiveCfg = Release|Any CPU
		{87D6F112-FE7D-48BD-B68B-6EFF1EEA3021}.Release|Any CPU.Build.0 = Release|Any CPU
		{740301CB-2FCB-4ED0-95B6-20244A5F0710}.Debug|Any CPU.ActiveCfg = Debug|Any CPU
		{740301CB-2FCB-4ED0-95B6-20244A5F0710}.Debug|Any CPU.Build.0 = Debug|Any CPU
		{740301CB-2FCB-4ED0-95B6-20244A5F0710}.Release|Any CPU.ActiveCfg = Release|Any CPU
		{740301CB-2FCB-4ED0-95B6-20244A5F0710}.Release|Any CPU.Build.0 = Release|Any CPU
		{BAE16F93-981C-4F99-A994-A78BC6064AF2}.Debug|Any CPU.ActiveCfg = Debug|Any CPU
		{BAE16F93-981C-4F99-A994-A78BC6064AF2}.Debug|Any CPU.Build.0 = Debug|Any CPU
		{BAE16F93-981C-4F99-A994-A78BC6064AF2}.Release|Any CPU.ActiveCfg = Release|Any CPU
		{BAE16F93-981C-4F99-A994-A78BC6064AF2}.Release|Any CPU.Build.0 = Release|Any CPU
		{13A73B7A-A854-4FA8-A885-E72D37FFB824}.Debug|Any CPU.ActiveCfg = Debug|Any CPU
		{13A73B7A-A854-4FA8-A885-E72D37FFB824}.Debug|Any CPU.Build.0 = Debug|Any CPU
		{13A73B7A-A854-4FA8-A885-E72D37FFB824}.Release|Any CPU.ActiveCfg = Release|Any CPU
		{13A73B7A-A854-4FA8-A885-E72D37FFB824}.Release|Any CPU.Build.0 = Release|Any CPU
	EndGlobalSection
	GlobalSection(SolutionProperties) = preSolution
		HideSolutionNode = FALSE
	EndGlobalSection
	GlobalSection(ExtensibilityGlobals) = postSolution
		SolutionGuid = {406EC97A-59F5-41EB-A0BE-EA09F4A24392}
	EndGlobalSection
EndGlobal
